// !$*UTF8*$!
{
	archiveVersion = 1;
	classes = {
	};
	objectVersion = 50;
	objects = {

/* Begin PBXBuildFile section */
		2CC2AC5D268451C6002AE8EA /* AppDelegate.swift in Sources */ = {isa = PBXBuildFile; fileRef = 2CC2AC5C268451C6002AE8EA /* AppDelegate.swift */; };
		2CC2AC67268451C6002AE8EA /* CoreDataDemo.xcdatamodeld in Sources */ = {isa = PBXBuildFile; fileRef = 2CC2AC65268451C6002AE8EA /* CoreDataDemo.xcdatamodeld */; };
		2CC2AC69268451C9002AE8EA /* Assets.xcassets in Resources */ = {isa = PBXBuildFile; fileRef = 2CC2AC68268451C9002AE8EA /* Assets.xcassets */; };
		2CC2AC6C268451C9002AE8EA /* LaunchScreen.storyboard in Resources */ = {isa = PBXBuildFile; fileRef = 2CC2AC6A268451C9002AE8EA /* LaunchScreen.storyboard */; };
		2CC2AC9026845A29002AE8EA /* NotesTVC.swift in Sources */ = {isa = PBXBuildFile; fileRef = 2CC2AC8826845A28002AE8EA /* NotesTVC.swift */; };
		2CC2AC9126845A29002AE8EA /* MyNotesVM.swift in Sources */ = {isa = PBXBuildFile; fileRef = 2CC2AC8926845A28002AE8EA /* MyNotesVM.swift */; };
		2CC2AC9226845A29002AE8EA /* EditVM.swift in Sources */ = {isa = PBXBuildFile; fileRef = 2CC2AC8A26845A29002AE8EA /* EditVM.swift */; };
		2CC2AC9326845A29002AE8EA /* MyNotesVC.swift in Sources */ = {isa = PBXBuildFile; fileRef = 2CC2AC8B26845A29002AE8EA /* MyNotesVC.swift */; };
		2CC2AC9426845A29002AE8EA /* MyNotesUIVC.swift in Sources */ = {isa = PBXBuildFile; fileRef = 2CC2AC8C26845A29002AE8EA /* MyNotesUIVC.swift */; };
		2CC2AC9526845A29002AE8EA /* EditVC.swift in Sources */ = {isa = PBXBuildFile; fileRef = 2CC2AC8D26845A29002AE8EA /* EditVC.swift */; };
		2CC2AC9626845A29002AE8EA /* EditUIVC.swift in Sources */ = {isa = PBXBuildFile; fileRef = 2CC2AC8E26845A29002AE8EA /* EditUIVC.swift */; };
		2CC2AC9726845A29002AE8EA /* Main.storyboard in Resources */ = {isa = PBXBuildFile; fileRef = 2CC2AC8F26845A29002AE8EA /* Main.storyboard */; };
		2CC2ACA026848993002AE8EA /* DataController.swift in Sources */ = {isa = PBXBuildFile; fileRef = 2CC2AC9F26848993002AE8EA /* DataController.swift */; };
		2CC2ACA326849E54002AE8EA /* NoteData+CoreDataClass.swift in Sources */ = {isa = PBXBuildFile; fileRef = 2CC2ACA126849E54002AE8EA /* NoteData+CoreDataClass.swift */; };
		2CC2ACA426849E54002AE8EA /* NoteData+CoreDataProperties.swift in Sources */ = {isa = PBXBuildFile; fileRef = 2CC2ACA226849E54002AE8EA /* NoteData+CoreDataProperties.swift */; };
/* End PBXBuildFile section */

/* Begin PBXFileReference section */
		2CC2AC59268451C6002AE8EA /* CoreDataDemo.app */ = {isa = PBXFileReference; explicitFileType = wrapper.application; includeInIndex = 0; path = CoreDataDemo.app; sourceTree = BUILT_PRODUCTS_DIR; };
		2CC2AC5C268451C6002AE8EA /* AppDelegate.swift */ = {isa = PBXFileReference; lastKnownFileType = sourcecode.swift; path = AppDelegate.swift; sourceTree = "<group>"; };
		2CC2AC66268451C6002AE8EA /* CoreDataDemo.xcdatamodel */ = {isa = PBXFileReference; lastKnownFileType = wrapper.xcdatamodel; path = CoreDataDemo.xcdatamodel; sourceTree = "<group>"; };
		2CC2AC68268451C9002AE8EA /* Assets.xcassets */ = {isa = PBXFileReference; lastKnownFileType = folder.assetcatalog; path = Assets.xcassets; sourceTree = "<group>"; };
		2CC2AC6B268451C9002AE8EA /* Base */ = {isa = PBXFileReference; lastKnownFileType = file.storyboard; name = Base; path = Base.lproj/LaunchScreen.storyboard; sourceTree = "<group>"; };
		2CC2AC6D268451C9002AE8EA /* Info.plist */ = {isa = PBXFileReference; lastKnownFileType = text.plist.xml; path = Info.plist; sourceTree = "<group>"; };
		2CC2AC8826845A28002AE8EA /* NotesTVC.swift */ = {isa = PBXFileReference; fileEncoding = 4; lastKnownFileType = sourcecode.swift; path = NotesTVC.swift; sourceTree = "<group>"; };
		2CC2AC8926845A28002AE8EA /* MyNotesVM.swift */ = {isa = PBXFileReference; fileEncoding = 4; lastKnownFileType = sourcecode.swift; path = MyNotesVM.swift; sourceTree = "<group>"; };
		2CC2AC8A26845A29002AE8EA /* EditVM.swift */ = {isa = PBXFileReference; fileEncoding = 4; lastKnownFileType = sourcecode.swift; path = EditVM.swift; sourceTree = "<group>"; };
		2CC2AC8B26845A29002AE8EA /* MyNotesVC.swift */ = {isa = PBXFileReference; fileEncoding = 4; lastKnownFileType = sourcecode.swift; path = MyNotesVC.swift; sourceTree = "<group>"; };
		2CC2AC8C26845A29002AE8EA /* MyNotesUIVC.swift */ = {isa = PBXFileReference; fileEncoding = 4; lastKnownFileType = sourcecode.swift; path = MyNotesUIVC.swift; sourceTree = "<group>"; };
		2CC2AC8D26845A29002AE8EA /* EditVC.swift */ = {isa = PBXFileReference; fileEncoding = 4; lastKnownFileType = sourcecode.swift; path = EditVC.swift; sourceTree = "<group>"; };
		2CC2AC8E26845A29002AE8EA /* EditUIVC.swift */ = {isa = PBXFileReference; fileEncoding = 4; lastKnownFileType = sourcecode.swift; path = EditUIVC.swift; sourceTree = "<group>"; };
		2CC2AC8F26845A29002AE8EA /* Main.storyboard */ = {isa = PBXFileReference; fileEncoding = 4; lastKnownFileType = file.storyboard; path = Main.storyboard; sourceTree = "<group>"; };
		2CC2AC9F26848993002AE8EA /* DataController.swift */ = {isa = PBXFileReference; lastKnownFileType = sourcecode.swift; path = DataController.swift; sourceTree = "<group>"; };
		2CC2ACA126849E54002AE8EA /* NoteData+CoreDataClass.swift */ = {isa = PBXFileReference; lastKnownFileType = sourcecode.swift; path = "NoteData+CoreDataClass.swift"; sourceTree = "<group>"; };
		2CC2ACA226849E54002AE8EA /* NoteData+CoreDataProperties.swift */ = {isa = PBXFileReference; lastKnownFileType = sourcecode.swift; path = "NoteData+CoreDataProperties.swift"; sourceTree = "<group>"; };
/* End PBXFileReference section */

/* Begin PBXFrameworksBuildPhase section */
		2CC2AC56268451C6002AE8EA /* Frameworks */ = {
			isa = PBXFrameworksBuildPhase;
			buildActionMask = 2147483647;
			files = (
			);
			runOnlyForDeploymentPostprocessing = 0;
		};
/* End PBXFrameworksBuildPhase section */

/* Begin PBXGroup section */
		2CC2AC50268451C6002AE8EA = {
			isa = PBXGroup;
			children = (
				2CC2AC5B268451C6002AE8EA /* CoreDataDemo */,
				2CC2AC5A268451C6002AE8EA /* Products */,
			);
			sourceTree = "<group>";
		};
		2CC2AC5A268451C6002AE8EA /* Products */ = {
			isa = PBXGroup;
			children = (
				2CC2AC59268451C6002AE8EA /* CoreDataDemo.app */,
			);
			name = Products;
			sourceTree = "<group>";
		};
		2CC2AC5B268451C6002AE8EA /* CoreDataDemo */ = {
			isa = PBXGroup;
			children = (
				2CC2AC9E26848985002AE8EA /* Database */,
				2CC2AC7626845905002AE8EA /* View */,
				2CC2AC73268457DC002AE8EA /* model */,
				2CC2AC5C268451C6002AE8EA /* AppDelegate.swift */,
				2CC2AC68268451C9002AE8EA /* Assets.xcassets */,
				2CC2AC6A268451C9002AE8EA /* LaunchScreen.storyboard */,
				2CC2AC6D268451C9002AE8EA /* Info.plist */,
				2CC2AC65268451C6002AE8EA /* CoreDataDemo.xcdatamodeld */,
			);
			path = CoreDataDemo;
			sourceTree = "<group>";
		};
		2CC2AC73268457DC002AE8EA /* model */ = {
			isa = PBXGroup;
			children = (
				2CC2ACA126849E54002AE8EA /* NoteData+CoreDataClass.swift */,
				2CC2ACA226849E54002AE8EA /* NoteData+CoreDataProperties.swift */,
			);
			path = model;
			sourceTree = "<group>";
		};
		2CC2AC7626845905002AE8EA /* View */ = {
			isa = PBXGroup;
			children = (
				2CC2AC9B26845A65002AE8EA /* Storyboard */,
				2CC2AC9A26845A61002AE8EA /* Home */,
				2CC2AC9926845A39002AE8EA /* Edit */,
				2CC2AC9826845A30002AE8EA /* CustomViews */,
			);
			path = View;
			sourceTree = "<group>";
		};
		2CC2AC9826845A30002AE8EA /* CustomViews */ = {
			isa = PBXGroup;
			children = (
				2CC2AC8826845A28002AE8EA /* NotesTVC.swift */,
			);
			path = CustomViews;
			sourceTree = "<group>";
		};
		2CC2AC9926845A39002AE8EA /* Edit */ = {
			isa = PBXGroup;
			children = (
				2CC2AC8E26845A29002AE8EA /* EditUIVC.swift */,
				2CC2AC8D26845A29002AE8EA /* EditVC.swift */,
				2CC2AC8A26845A29002AE8EA /* EditVM.swift */,
			);
			path = Edit;
			sourceTree = "<group>";
		};
		2CC2AC9A26845A61002AE8EA /* Home */ = {
			isa = PBXGroup;
			children = (
				2CC2AC8C26845A29002AE8EA /* MyNotesUIVC.swift */,
				2CC2AC8B26845A29002AE8EA /* MyNotesVC.swift */,
				2CC2AC8926845A28002AE8EA /* MyNotesVM.swift */,
			);
			path = Home;
			sourceTree = "<group>";
		};
		2CC2AC9B26845A65002AE8EA /* Storyboard */ = {
			isa = PBXGroup;
			children = (
				2CC2AC8F26845A29002AE8EA /* Main.storyboard */,
			);
			path = Storyboard;
			sourceTree = "<group>";
		};
		2CC2AC9E26848985002AE8EA /* Database */ = {
			isa = PBXGroup;
			children = (
				2CC2AC9F26848993002AE8EA /* DataController.swift */,
			);
			path = Database;
			sourceTree = "<group>";
		};
/* End PBXGroup section */

/* Begin PBXNativeTarget section */
		2CC2AC58268451C6002AE8EA /* CoreDataDemo */ = {
			isa = PBXNativeTarget;
			buildConfigurationList = 2CC2AC70268451C9002AE8EA /* Build configuration list for PBXNativeTarget "CoreDataDemo" */;
			buildPhases = (
				2CC2AC55268451C6002AE8EA /* Sources */,
				2CC2AC56268451C6002AE8EA /* Frameworks */,
				2CC2AC57268451C6002AE8EA /* Resources */,
			);
			buildRules = (
			);
			dependencies = (
			);
			name = CoreDataDemo;
			productName = CoreDataDemo;
			productReference = 2CC2AC59268451C6002AE8EA /* CoreDataDemo.app */;
			productType = "com.apple.product-type.application";
		};
/* End PBXNativeTarget section */

/* Begin PBXProject section */
		2CC2AC51268451C6002AE8EA /* Project object */ = {
			isa = PBXProject;
			attributes = {
				LastSwiftUpdateCheck = 1250;
				LastUpgradeCheck = 1250;
				TargetAttributes = {
					2CC2AC58268451C6002AE8EA = {
						CreatedOnToolsVersion = 12.5;
					};
				};
			};
			buildConfigurationList = 2CC2AC54268451C6002AE8EA /* Build configuration list for PBXProject "CoreDataDemo" */;
			compatibilityVersion = "Xcode 9.3";
			developmentRegion = en;
			hasScannedForEncodings = 0;
			knownRegions = (
				en,
				Base,
			);
			mainGroup = 2CC2AC50268451C6002AE8EA;
			productRefGroup = 2CC2AC5A268451C6002AE8EA /* Products */;
			projectDirPath = "";
			projectRoot = "";
			targets = (
				2CC2AC58268451C6002AE8EA /* CoreDataDemo */,
			);
		};
/* End PBXProject section */

/* Begin PBXResourcesBuildPhase section */
		2CC2AC57268451C6002AE8EA /* Resources */ = {
			isa = PBXResourcesBuildPhase;
			buildActionMask = 2147483647;
			files = (
				2CC2AC9726845A29002AE8EA /* Main.storyboard in Resources */,
				2CC2AC6C268451C9002AE8EA /* LaunchScreen.storyboard in Resources */,
				2CC2AC69268451C9002AE8EA /* Assets.xcassets in Resources */,
			);
			runOnlyForDeploymentPostprocessing = 0;
		};
/* End PBXResourcesBuildPhase section */

/* Begin PBXSourcesBuildPhase section */
		2CC2AC55268451C6002AE8EA /* Sources */ = {
			isa = PBXSourcesBuildPhase;
			buildActionMask = 2147483647;
			files = (
				2CC2AC9526845A29002AE8EA /* EditVC.swift in Sources */,
				2CC2ACA326849E54002AE8EA /* NoteData+CoreDataClass.swift in Sources */,
				2CC2AC9126845A29002AE8EA /* MyNotesVM.swift in Sources */,
				2CC2AC9426845A29002AE8EA /* MyNotesUIVC.swift in Sources */,
				2CC2AC9626845A29002AE8EA /* EditUIVC.swift in Sources */,
				2CC2ACA026848993002AE8EA /* DataController.swift in Sources */,
				2CC2AC67268451C6002AE8EA /* CoreDataDemo.xcdatamodeld in Sources */,
				2CC2AC5D268451C6002AE8EA /* AppDelegate.swift in Sources */,
				2CC2AC9326845A29002AE8EA /* MyNotesVC.swift in Sources */,
				2CC2ACA426849E54002AE8EA /* NoteData+CoreDataProperties.swift in Sources */,
				2CC2AC9226845A29002AE8EA /* EditVM.swift in Sources */,
				2CC2AC9026845A29002AE8EA /* NotesTVC.swift in Sources */,
			);
			runOnlyForDeploymentPostprocessing = 0;
		};
/* End PBXSourcesBuildPhase section */

/* Begin PBXVariantGroup section */
		2CC2AC6A268451C9002AE8EA /* LaunchScreen.storyboard */ = {
			isa = PBXVariantGroup;
			children = (
				2CC2AC6B268451C9002AE8EA /* Base */,
			);
			name = LaunchScreen.storyboard;
			sourceTree = "<group>";
		};
/* End PBXVariantGroup section */

/* Begin XCBuildConfiguration section */
		2CC2AC6E268451C9002AE8EA /* Debug */ = {
			isa = XCBuildConfiguration;
			buildSettings = {
				ALWAYS_SEARCH_USER_PATHS = NO;
				CLANG_ANALYZER_NONNULL = YES;
				CLANG_ANALYZER_NUMBER_OBJECT_CONVERSION = YES_AGGRESSIVE;
				CLANG_CXX_LANGUAGE_STANDARD = "gnu++14";
				CLANG_CXX_LIBRARY = "libc++";
				CLANG_ENABLE_MODULES = YES;
				CLANG_ENABLE_OBJC_ARC = YES;
				CLANG_ENABLE_OBJC_WEAK = YES;
				CLANG_WARN_BLOCK_CAPTURE_AUTORELEASING = YES;
				CLANG_WARN_BOOL_CONVERSION = YES;
				CLANG_WARN_COMMA = YES;
				CLANG_WARN_CONSTANT_CONVERSION = YES;
				CLANG_WARN_DEPRECATED_OBJC_IMPLEMENTATIONS = YES;
				CLANG_WARN_DIRECT_OBJC_ISA_USAGE = YES_ERROR;
				CLANG_WARN_DOCUMENTATION_COMMENTS = YES;
				CLANG_WARN_EMPTY_BODY = YES;
				CLANG_WARN_ENUM_CONVERSION = YES;
				CLANG_WARN_INFINITE_RECURSION = YES;
				CLANG_WARN_INT_CONVERSION = YES;
				CLANG_WARN_NON_LITERAL_NULL_CONVERSION = YES;
				CLANG_WARN_OBJC_IMPLICIT_RETAIN_SELF = YES;
				CLANG_WARN_OBJC_LITERAL_CONVERSION = YES;
				CLANG_WARN_OBJC_ROOT_CLASS = YES_ERROR;
				CLANG_WARN_QUOTED_INCLUDE_IN_FRAMEWORK_HEADER = YES;
				CLANG_WARN_RANGE_LOOP_ANALYSIS = YES;
				CLANG_WARN_STRICT_PROTOTYPES = YES;
				CLANG_WARN_SUSPICIOUS_MOVE = YES;
				CLANG_WARN_UNGUARDED_AVAILABILITY = YES_AGGRESSIVE;
				CLANG_WARN_UNREACHABLE_CODE = YES;
				CLANG_WARN__DUPLICATE_METHOD_MATCH = YES;
				COPY_PHASE_STRIP = NO;
				DEBUG_INFORMATION_FORMAT = dwarf;
				ENABLE_STRICT_OBJC_MSGSEND = YES;
				ENABLE_TESTABILITY = YES;
				GCC_C_LANGUAGE_STANDARD = gnu11;
				GCC_DYNAMIC_NO_PIC = NO;
				GCC_NO_COMMON_BLOCKS = YES;
				GCC_OPTIMIZATION_LEVEL = 0;
				GCC_PREPROCESSOR_DEFINITIONS = (
					"DEBUG=1",
					"$(inherited)",
				);
				GCC_WARN_64_TO_32_BIT_CONVERSION = YES;
				GCC_WARN_ABOUT_RETURN_TYPE = YES_ERROR;
				GCC_WARN_UNDECLARED_SELECTOR = YES;
				GCC_WARN_UNINITIALIZED_AUTOS = YES_AGGRESSIVE;
				GCC_WARN_UNUSED_FUNCTION = YES;
				GCC_WARN_UNUSED_VARIABLE = YES;
				IPHONEOS_DEPLOYMENT_TARGET = 14.5;
				MTL_ENABLE_DEBUG_INFO = INCLUDE_SOURCE;
				MTL_FAST_MATH = YES;
				ONLY_ACTIVE_ARCH = YES;
				SDKROOT = iphoneos;
				SWIFT_ACTIVE_COMPILATION_CONDITIONS = DEBUG;
				SWIFT_OPTIMIZATION_LEVEL = "-Onone";
			};
			name = Debug;
		};
		2CC2AC6F268451C9002AE8EA /* Release */ = {
			isa = XCBuildConfiguration;
			buildSettings = {
				ALWAYS_SEARCH_USER_PATHS = NO;
				CLANG_ANALYZER_NONNULL = YES;
				CLANG_ANALYZER_NUMBER_OBJECT_CONVERSION = YES_AGGRESSIVE;
				CLANG_CXX_LANGUAGE_STANDARD = "gnu++14";
				CLANG_CXX_LIBRARY = "libc++";
				CLANG_ENABLE_MODULES = YES;
				CLANG_ENABLE_OBJC_ARC = YES;
				CLANG_ENABLE_OBJC_WEAK = YES;
				CLANG_WARN_BLOCK_CAPTURE_AUTORELEASING = YES;
				CLANG_WARN_BOOL_CONVERSION = YES;
				CLANG_WARN_COMMA = YES;
				CLANG_WARN_CONSTANT_CONVERSION = YES;
				CLANG_WARN_DEPRECATED_OBJC_IMPLEMENTATIONS = YES;
				CLANG_WARN_DIRECT_OBJC_ISA_USAGE = YES_ERROR;
				CLANG_WARN_DOCUMENTATION_COMMENTS = YES;
				CLANG_WARN_EMPTY_BODY = YES;
				CLANG_WARN_ENUM_CONVERSION = YES;
				CLANG_WARN_INFINITE_RECURSION = YES;
				CLANG_WARN_INT_CONVERSION = YES;
				CLANG_WARN_NON_LITERAL_NULL_CONVERSION = YES;
				CLANG_WARN_OBJC_IMPLICIT_RETAIN_SELF = YES;
				CLANG_WARN_OBJC_LITERAL_CONVERSION = YES;
				CLANG_WARN_OBJC_ROOT_CLASS = YES_ERROR;
				CLANG_WARN_QUOTED_INCLUDE_IN_FRAMEWORK_HEADER = YES;
				CLANG_WARN_RANGE_LOOP_ANALYSIS = YES;
				CLANG_WARN_STRICT_PROTOTYPES = YES;
				CLANG_WARN_SUSPICIOUS_MOVE = YES;
				CLANG_WARN_UNGUARDED_AVAILABILITY = YES_AGGRESSIVE;
				CLANG_WARN_UNREACHABLE_CODE = YES;
				CLANG_WARN__DUPLICATE_METHOD_MATCH = YES;
				COPY_PHASE_STRIP = NO;
				DEBUG_INFORMATION_FORMAT = "dwarf-with-dsym";
				ENABLE_NS_ASSERTIONS = NO;
				ENABLE_STRICT_OBJC_MSGSEND = YES;
				GCC_C_LANGUAGE_STANDARD = gnu11;
				GCC_NO_COMMON_BLOCKS = YES;
				GCC_WARN_64_TO_32_BIT_CONVERSION = YES;
				GCC_WARN_ABOUT_RETURN_TYPE = YES_ERROR;
				GCC_WARN_UNDECLARED_SELECTOR = YES;
				GCC_WARN_UNINITIALIZED_AUTOS = YES_AGGRESSIVE;
				GCC_WARN_UNUSED_FUNCTION = YES;
				GCC_WARN_UNUSED_VARIABLE = YES;
				IPHONEOS_DEPLOYMENT_TARGET = 14.5;
				MTL_ENABLE_DEBUG_INFO = NO;
				MTL_FAST_MATH = YES;
				SDKROOT = iphoneos;
				SWIFT_COMPILATION_MODE = wholemodule;
				SWIFT_OPTIMIZATION_LEVEL = "-O";
				VALIDATE_PRODUCT = YES;
			};
			name = Release;
		};
		2CC2AC71268451C9002AE8EA /* Debug */ = {
			isa = XCBuildConfiguration;
			buildSettings = {
				ASSETCATALOG_COMPILER_APPICON_NAME = AppIcon;
				ASSETCATALOG_COMPILER_GLOBAL_ACCENT_COLOR_NAME = AccentColor;
				CODE_SIGN_STYLE = Automatic;
				DEVELOPMENT_TEAM = UUTQRL82M5;
				INFOPLIST_FILE = CoreDataDemo/Info.plist;
				LD_RUNPATH_SEARCH_PATHS = (
					"$(inherited)",
					"@executable_path/Frameworks",
				);
				PRODUCT_BUNDLE_IDENTIFIER = com.mentorz.CoreDataDemo;
				PRODUCT_NAME = "$(TARGET_NAME)";
				SWIFT_VERSION = 5.0;
				TARGETED_DEVICE_FAMILY = "1,2";
			};
			name = Debug;
		};
		2CC2AC72268451C9002AE8EA /* Release */ = {
			isa = XCBuildConfiguration;
			buildSettings = {
				ASSETCATALOG_COMPILER_APPICON_NAME = AppIcon;
				ASSETCATALOG_COMPILER_GLOBAL_ACCENT_COLOR_NAME = AccentColor;
				CODE_SIGN_STYLE = Automatic;
				DEVELOPMENT_TEAM = UUTQRL82M5;
				INFOPLIST_FILE = CoreDataDemo/Info.plist;
				LD_RUNPATH_SEARCH_PATHS = (
					"$(inherited)",
					"@executable_path/Frameworks",
				);
				PRODUCT_BUNDLE_IDENTIFIER = com.mentorz.CoreDataDemo;
				PRODUCT_NAME = "$(TARGET_NAME)";
				SWIFT_VERSION = 5.0;
				TARGETED_DEVICE_FAMILY = "1,2";
			};
			name = Release;
		};
/* End XCBuildConfiguration section */

/* Begin XCConfigurationList section */
		2CC2AC54268451C6002AE8EA /* Build configuration list for PBXProject "CoreDataDemo" */ = {
			isa = XCConfigurationList;
			buildConfigurations = (
				2CC2AC6E268451C9002AE8EA /* Debug */,
				2CC2AC6F268451C9002AE8EA /* Release */,
			);
			defaultConfigurationIsVisible = 0;
			defaultConfigurationName = Release;
		};
		2CC2AC70268451C9002AE8EA /* Build configuration list for PBXNativeTarget "CoreDataDemo" */ = {
			isa = XCConfigurationList;
			buildConfigurations = (
				2CC2AC71268451C9002AE8EA /* Debug */,
				2CC2AC72268451C9002AE8EA /* Release */,
			);
			defaultConfigurationIsVisible = 0;
			defaultConfigurationName = Release;
		};
/* End XCConfigurationList section */

/* Begin XCVersionGroup section */
		2CC2AC65268451C6002AE8EA /* CoreDataDemo.xcdatamodeld */ = {
			isa = XCVersionGroup;
			children = (
				2CC2AC66268451C6002AE8EA /* CoreDataDemo.xcdatamodel */,
			);
			currentVersion = 2CC2AC66268451C6002AE8EA /* CoreDataDemo.xcdatamodel */;
			path = CoreDataDemo.xcdatamodeld;
			sourceTree = "<group>";
			versionGroupType = wrapper.xcdatamodel;
		};
/* End XCVersionGroup section */
	};
	rootObject = 2CC2AC51268451C6002AE8EA /* Project object */;
}
